
Microsoft Visual Studio Solution File, Format Version 12.00
# Visual Studio 15
VisualStudioVersion = 15.0.27703.2026
MinimumVisualStudioVersion = 10.0.40219.1
Project("{FAE04EC0-301F-11D3-BF4B-00C04F79EFBC}") = "TodoApi", "TodoApi\TodoApi.csproj", "{0575D078-0797-4FF9-9F1D-049123AD471A}"
EndProject
Global
	GlobalSection(SolutionConfigurationPlatforms) = preSolution
		Debug|Any CPU = Debug|Any CPU
		Release|Any CPU = Release|Any CPU
	EndGlobalSection
	GlobalSection(ProjectConfigurationPlatforms) = postSolution
		{0575D078-0797-4FF9-9F1D-049123AD471A}.Debug|Any CPU.ActiveCfg = Debug|Any CPU
		{0575D078-0797-4FF9-9F1D-049123AD471A}.Debug|Any CPU.Build.0 = Debug|Any CPU
		{0575D078-0797-4FF9-9F1D-049123AD471A}.Release|Any CPU.ActiveCfg = Release|Any CPU
		{0575D078-0797-4FF9-9F1D-049123AD471A}.Release|Any CPU.Build.0 = Release|Any CPU
	EndGlobalSection
	GlobalSection(SolutionProperties) = preSolution
		HideSolutionNode = FALSE
	EndGlobalSection
	GlobalSection(ExtensibilityGlobals) = postSolution
		SolutionGuid = {8AA021A7-1395-4A54-ABFC-AA75305A16DE}
	EndGlobalSection
EndGlobal
